[root]
name = "plibsys-sys"
version = "0.1.0"
dependencies = [
 "cmake 0.1.17 (registry+https://github.com/rust-lang/crates.io-index)",
 "libc 0.2.12 (registry+https://github.com/rust-lang/crates.io-index)",
]

[[package]]
name = "cmake"
version = "0.1.17"
source = "registry+https://github.com/rust-lang/crates.io-index"
dependencies = [
 "gcc 0.3.28 (registry+https://github.com/rust-lang/crates.io-index)",
]

[[package]]
name = "gcc"
version = "0.3.28"
source = "registry+https://github.com/rust-lang/crates.io-index"

[[package]]
name = "libc"
version = "0.2.12"
source = "registry+https://github.com/rust-lang/crates.io-index"

